
Microsoft Visual Studio Solution File, Format Version 12.00
# Visual Studio 15
VisualStudioVersion = 15.0.27130.2036
MinimumVisualStudioVersion = 10.0.40219.1
Project("{FAE04EC0-301F-11D3-BF4B-00C04F79EFBC}") = "CourseWeb", "CourseWeb\CourseWeb.csproj", "{95F17C0B-AAC4-401D-9471-B12D58C948B1}"
EndProject
Global
	GlobalSection(SolutionConfigurationPlatforms) = preSolution
		Debug|Any CPU = Debug|Any CPU
		Release|Any CPU = Release|Any CPU
	EndGlobalSection
	GlobalSection(ProjectConfigurationPlatforms) = postSolution
		{95F17C0B-AAC4-401D-9471-B12D58C948B1}.Debug|Any CPU.ActiveCfg = Debug|Any CPU
		{95F17C0B-AAC4-401D-9471-B12D58C948B1}.Debug|Any CPU.Build.0 = Debug|Any CPU
		{95F17C0B-AAC4-401D-9471-B12D58C948B1}.Release|Any CPU.ActiveCfg = Release|Any CPU
		{95F17C0B-AAC4-401D-9471-B12D58C948B1}.Release|Any CPU.Build.0 = Release|Any CPU
	EndGlobalSection
	GlobalSection(SolutionProperties) = preSolution
		HideSolutionNode = FALSE
	EndGlobalSection
	GlobalSection(ExtensibilityGlobals) = postSolution
		SolutionGuid = {347BC704-B7B4-4FCD-BB8F-8CF1D8D65C69}
	EndGlobalSection
EndGlobal
